// !$*UTF8*$!
{
	archiveVersion = 1;
	classes = {
	};
	objectVersion = 56;
	objects = {

/* Begin PBXBuildFile section */
		43CA7C0B2DC074AA008E7FD3 /* REInvestorCalculatorApp.swift in Sources */ = {isa = PBXBuildFile; fileRef = 43CA7C0A2DC074AA008E7FD3 /* REInvestorCalculatorApp.swift */; };
		43CA7C0D2DC074AA008E7FD3 /* ContentView.swift in Sources */ = {isa = PBXBuildFile; fileRef = 43CA7C0C2DC074AA008E7FD3 /* ContentView.swift */; };
		43CA7C0F2DC074AD008E7FD3 /* Assets.xcassets in Resources */ = {isa = PBXBuildFile; fileRef = 43CA7C0E2DC074AD008E7FD3 /* Assets.xcassets */; };
		43CA7C122DC074AD008E7FD3 /* Preview Assets.xcassets in Resources */ = {isa = PBXBuildFile; fileRef = 43CA7C112DC074AD008E7FD3 /* Preview Assets.xcassets */; };
		43CA7C1E2DC077C5008E7FD3 /* Helpers in Resources */ = {isa = PBXBuildFile; fileRef = 43CA7C1B2DC077C5008E7FD3 /* Helpers */; };
		43CA7C1F2DC077C5008E7FD3 /* Modules in Resources */ = {isa = PBXBuildFile; fileRef = 43CA7C1C2DC077C5008E7FD3 /* Modules */; };
		43CA7C202DC077C5008E7FD3 /* Shared in Resources */ = {isa = PBXBuildFile; fileRef = 43CA7C1D2DC077C5008E7FD3 /* Shared */; };
		43CA7C222DC077D1008E7FD3 /* REInvestorCalculatorTests in Resources */ = {isa = PBXBuildFile; fileRef = 43CA7C212DC077D1008E7FD3 /* REInvestorCalculatorTests */; };
		43CA7C2A2DC07DB2008E7FD3 /* ComparisonCalculator.swift in Sources */ = {isa = PBXBuildFile; fileRef = 43CA7C232DC07DB0008E7FD3 /* ComparisonCalculator.swift */; };
		43CA7C2C2DC07DB2008E7FD3 /* SettingsView.swift in Sources */ = {isa = PBXBuildFile; fileRef = 43CA7C252DC07DB1008E7FD3 /* SettingsView.swift */; };
		43CA7C2D2DC07DB2008E7FD3 /* MAOCalculator.swift in Sources */ = {isa = PBXBuildFile; fileRef = 43CA7C262DC07DB1008E7FD3 /* MAOCalculator.swift */; };
		43CA7C2F2DC07DB2008E7FD3 /* FinancingCalculator.swift in Sources */ = {isa = PBXBuildFile; fileRef = 43CA7C282DC07DB1008E7FD3 /* FinancingCalculator.swift */; };
		43CA7C302DC07DB2008E7FD3 /* FlipCalculator.swift in Sources */ = {isa = PBXBuildFile; fileRef = 43CA7C292DC07DB2008E7FD3 /* FlipCalculator.swift */; };
		43CA7C332DC080A4008E7FD3 /* SharedComponents.swift in Sources */ = {isa = PBXBuildFile; fileRef = 43CA7C312DC080A4008E7FD3 /* SharedComponents.swift */; };
		43CA7C342DC080A4008E7FD3 /* Theme.swift in Sources */ = {isa = PBXBuildFile; fileRef = 43CA7C322DC080A4008E7FD3 /* Theme.swift */; };
/* End PBXBuildFile section */

/* Begin PBXFileReference section */
		43CA7C072DC074AA008E7FD3 /* REInvestorCalculator.app */ = {isa = PBXFileReference; explicitFileType = wrapper.application; includeInIndex = 0; path = REInvestorCalculator.app; sourceTree = BUILT_PRODUCTS_DIR; };
		43CA7C0A2DC074AA008E7FD3 /* REInvestorCalculatorApp.swift */ = {isa = PBXFileReference; lastKnownFileType = sourcecode.swift; path = REInvestorCalculatorApp.swift; sourceTree = "<group>"; };
		43CA7C0C2DC074AA008E7FD3 /* ContentView.swift */ = {isa = PBXFileReference; lastKnownFileType = sourcecode.swift; path = ContentView.swift; sourceTree = "<group>"; };
		43CA7C0E2DC074AD008E7FD3 /* Assets.xcassets */ = {isa = PBXFileReference; lastKnownFileType = folder.assetcatalog; path = Assets.xcassets; sourceTree = "<group>"; };
		43CA7C112DC074AD008E7FD3 /* Preview Assets.xcassets */ = {isa = PBXFileReference; lastKnownFileType = folder.assetcatalog; path = "Preview Assets.xcassets"; sourceTree = "<group>"; };
		43CA7C1B2DC077C5008E7FD3 /* Helpers */ = {isa = PBXFileReference; lastKnownFileType = folder; name = Helpers; path = REInvestorCalculator/Helpers; sourceTree = "<group>"; };
		43CA7C1C2DC077C5008E7FD3 /* Modules */ = {isa = PBXFileReference; lastKnownFileType = folder; name = Modules; path = REInvestorCalculator/Modules; sourceTree = "<group>"; };
		43CA7C1D2DC077C5008E7FD3 /* Shared */ = {isa = PBXFileReference; lastKnownFileType = folder; name = Shared; path = REInvestorCalculator/Shared; sourceTree = "<group>"; };
		43CA7C212DC077D1008E7FD3 /* REInvestorCalculatorTests */ = {isa = PBXFileReference; lastKnownFileType = folder; path = REInvestorCalculatorTests; sourceTree = "<group>"; };
		43CA7C232DC07DB0008E7FD3 /* ComparisonCalculator.swift */ = {isa = PBXFileReference; fileEncoding = 4; lastKnownFileType = sourcecode.swift; name = ComparisonCalculator.swift; path = REInvestorCalculator/ComparisonCalculator.swift; sourceTree = "<group>"; };
		43CA7C252DC07DB1008E7FD3 /* SettingsView.swift */ = {isa = PBXFileReference; fileEncoding = 4; lastKnownFileType = sourcecode.swift; name = SettingsView.swift; path = REInvestorCalculator/SettingsView.swift; sourceTree = "<group>"; };
		43CA7C262DC07DB1008E7FD3 /* MAOCalculator.swift */ = {isa = PBXFileReference; fileEncoding = 4; lastKnownFileType = sourcecode.swift; name = MAOCalculator.swift; path = REInvestorCalculator/MAOCalculator.swift; sourceTree = "<group>"; };
		43CA7C282DC07DB1008E7FD3 /* FinancingCalculator.swift */ = {isa = PBXFileReference; fileEncoding = 4; lastKnownFileType = sourcecode.swift; name = FinancingCalculator.swift; path = REInvestorCalculator/FinancingCalculator.swift; sourceTree = "<group>"; };
		43CA7C292DC07DB2008E7FD3 /* FlipCalculator.swift */ = {isa = PBXFileReference; fileEncoding = 4; lastKnownFileType = sourcecode.swift; name = FlipCalculator.swift; path = REInvestorCalculator/FlipCalculator.swift; sourceTree = "<group>"; };
		43CA7C312DC080A4008E7FD3 /* SharedComponents.swift */ = {isa = PBXFileReference; fileEncoding = 4; lastKnownFileType = sourcecode.swift; name = SharedComponents.swift; path = REInvestorCalculator/SharedComponents.swift; sourceTree = "<group>"; };
		43CA7C322DC080A4008E7FD3 /* Theme.swift */ = {isa = PBXFileReference; fileEncoding = 4; lastKnownFileType = sourcecode.swift; name = Theme.swift; path = REInvestorCalculator/Theme.swift; sourceTree = "<group>"; };
/* End PBXFileReference section */

/* Begin PBXFrameworksBuildPhase section */
		43CA7C042DC074AA008E7FD3 /* Frameworks */ = {
			isa = PBXFrameworksBuildPhase;
			buildActionMask = 2147483647;
			files = (
			);
			runOnlyForDeploymentPostprocessing = 0;
		};
/* End PBXFrameworksBuildPhase section */

/* Begin PBXGroup section */
		43CA7BFE2DC074AA008E7FD3 = {
			isa = PBXGroup;
			children = (
				43CA7C312DC080A4008E7FD3 /* SharedComponents.swift */,
				43CA7C322DC080A4008E7FD3 /* Theme.swift */,
				43CA7C232DC07DB0008E7FD3 /* ComparisonCalculator.swift */,
				43CA7C282DC07DB1008E7FD3 /* FinancingCalculator.swift */,
				43CA7C292DC07DB2008E7FD3 /* FlipCalculator.swift */,
				43CA7C262DC07DB1008E7FD3 /* MAOCalculator.swift */,
				43CA7C252DC07DB1008E7FD3 /* SettingsView.swift */,
				43CA7C212DC077D1008E7FD3 /* REInvestorCalculatorTests */,
				43CA7C1B2DC077C5008E7FD3 /* Helpers */,
				43CA7C1C2DC077C5008E7FD3 /* Modules */,
				43CA7C1D2DC077C5008E7FD3 /* Shared */,
				43CA7C092DC074AA008E7FD3 /* REInvestorCalculator */,
				43CA7C082DC074AA008E7FD3 /* Products */,
			);
			sourceTree = "<group>";
		};
		43CA7C082DC074AA008E7FD3 /* Products */ = {
			isa = PBXGroup;
			children = (
				43CA7C072DC074AA008E7FD3 /* REInvestorCalculator.app */,
			);
			name = Products;
			sourceTree = "<group>";
		};
		43CA7C092DC074AA008E7FD3 /* REInvestorCalculator */ = {
			isa = PBXGroup;
			children = (
				43CA7C0A2DC074AA008E7FD3 /* REInvestorCalculatorApp.swift */,
				43CA7C0C2DC074AA008E7FD3 /* ContentView.swift */,
				43CA7C0E2DC074AD008E7FD3 /* Assets.xcassets */,
				43CA7C102DC074AD008E7FD3 /* Preview Content */,
			);
			path = REInvestorCalculator;
			sourceTree = "<group>";
		};
		43CA7C102DC074AD008E7FD3 /* Preview Content */ = {
			isa = PBXGroup;
			children = (
				43CA7C112DC074AD008E7FD3 /* Preview Assets.xcassets */,
			);
			path = "Preview Content";
			sourceTree = "<group>";
		};
/* End PBXGroup section */

/* Begin PBXNativeTarget section */
		43CA7C062DC074AA008E7FD3 /* REInvestorCalculator */ = {
			isa = PBXNativeTarget;
			buildConfigurationList = 43CA7C152DC074AD008E7FD3 /* Build configuration list for PBXNativeTarget "REInvestorCalculator" */;
			buildPhases = (
				43CA7C032DC074AA008E7FD3 /* Sources */,
				43CA7C042DC074AA008E7FD3 /* Frameworks */,
				43CA7C052DC074AA008E7FD3 /* Resources */,
			);
			buildRules = (
			);
			dependencies = (
			);
			name = REInvestorCalculator;
			productName = REInvestorCalculator;
			productReference = 43CA7C072DC074AA008E7FD3 /* REInvestorCalculator.app */;
			productType = "com.apple.product-type.application";
		};
/* End PBXNativeTarget section */

/* Begin PBXProject section */
		43CA7BFF2DC074AA008E7FD3 /* Project object */ = {
			isa = PBXProject;
			attributes = {
				BuildIndependentTargetsInParallel = 1;
				LastSwiftUpdateCheck = 1520;
				LastUpgradeCheck = 1520;
				TargetAttributes = {
					43CA7C062DC074AA008E7FD3 = {
						CreatedOnToolsVersion = 15.2;
					};
				};
			};
			buildConfigurationList = 43CA7C022DC074AA008E7FD3 /* Build configuration list for PBXProject "REInvestorCalculator" */;
			compatibilityVersion = "Xcode 14.0";
			developmentRegion = en;
			hasScannedForEncodings = 0;
			knownRegions = (
				en,
				Base,
			);
			mainGroup = 43CA7BFE2DC074AA008E7FD3;
			productRefGroup = 43CA7C082DC074AA008E7FD3 /* Products */;
			projectDirPath = "";
			projectRoot = "";
			targets = (
				43CA7C062DC074AA008E7FD3 /* REInvestorCalculator */,
			);
		};
/* End PBXProject section */

/* Begin PBXResourcesBuildPhase section */
		43CA7C052DC074AA008E7FD3 /* Resources */ = {
			isa = PBXResourcesBuildPhase;
			buildActionMask = 2147483647;
			files = (
				43CA7C202DC077C5008E7FD3 /* Shared in Resources */,
				43CA7C1F2DC077C5008E7FD3 /* Modules in Resources */,
				43CA7C1E2DC077C5008E7FD3 /* Helpers in Resources */,
				43CA7C222DC077D1008E7FD3 /* REInvestorCalculatorTests in Resources */,
				43CA7C122DC074AD008E7FD3 /* Preview Assets.xcassets in Resources */,
				43CA7C0F2DC074AD008E7FD3 /* Assets.xcassets in Resources */,
			);
			runOnlyForDeploymentPostprocessing = 0;
		};
/* End PBXResourcesBuildPhase section */

/* Begin PBXSourcesBuildPhase section */
		43CA7C032DC074AA008E7FD3 /* Sources */ = {
			isa = PBXSourcesBuildPhase;
			buildActionMask = 2147483647;
			files = (
				43CA7C2C2DC07DB2008E7FD3 /* SettingsView.swift in Sources */,
				43CA7C0D2DC074AA008E7FD3 /* ContentView.swift in Sources */,
				43CA7C302DC07DB2008E7FD3 /* FlipCalculator.swift in Sources */,
				43CA7C332DC080A4008E7FD3 /* SharedComponents.swift in Sources */,
				43CA7C2F2DC07DB2008E7FD3 /* FinancingCalculator.swift in Sources */,
				43CA7C0B2DC074AA008E7FD3 /* REInvestorCalculatorApp.swift in Sources */,
				43CA7C2D2DC07DB2008E7FD3 /* MAOCalculator.swift in Sources */,
				43CA7C342DC080A4008E7FD3 /* Theme.swift in Sources */,
				43CA7C2A2DC07DB2008E7FD3 /* ComparisonCalculator.swift in Sources */,
			);
			runOnlyForDeploymentPostprocessing = 0;
		};
/* End PBXSourcesBuildPhase section */

/* Begin XCBuildConfiguration section */
		43CA7C132DC074AD008E7FD3 /* Debug */ = {
			isa = XCBuildConfiguration;
			buildSettings = {
				ALWAYS_SEARCH_USER_PATHS = NO;
				ASSETCATALOG_COMPILER_GENERATE_SWIFT_ASSET_SYMBOL_EXTENSIONS = YES;
				CLANG_ANALYZER_NONNULL = YES;
				CLANG_ANALYZER_NUMBER_OBJECT_CONVERSION = YES_AGGRESSIVE;
				CLANG_CXX_LANGUAGE_STANDARD = "gnu++20";
				CLANG_ENABLE_MODULES = YES;
				CLANG_ENABLE_OBJC_ARC = YES;
				CLANG_ENABLE_OBJC_WEAK = YES;
				CLANG_WARN_BLOCK_CAPTURE_AUTORELEASING = YES;
				CLANG_WARN_BOOL_CONVERSION = YES;
				CLANG_WARN_COMMA = YES;
				CLANG_WARN_CONSTANT_CONVERSION = YES;
				CLANG_WARN_DEPRECATED_OBJC_IMPLEMENTATIONS = YES;
				CLANG_WARN_DIRECT_OBJC_ISA_USAGE = YES_ERROR;
				CLANG_WARN_DOCUMENTATION_COMMENTS = YES;
				CLANG_WARN_EMPTY_BODY = YES;
				CLANG_WARN_ENUM_CONVERSION = YES;
				CLANG_WARN_INFINITE_RECURSION = YES;
				CLANG_WARN_INT_CONVERSION = YES;
				CLANG_WARN_NON_LITERAL_NULL_CONVERSION = YES;
				CLANG_WARN_OBJC_IMPLICIT_RETAIN_SELF = YES;
				CLANG_WARN_OBJC_LITERAL_CONVERSION = YES;
				CLANG_WARN_OBJC_ROOT_CLASS = YES_ERROR;
				CLANG_WARN_QUOTED_INCLUDE_IN_FRAMEWORK_HEADER = YES;
				CLANG_WARN_RANGE_LOOP_ANALYSIS = YES;
				CLANG_WARN_STRICT_PROTOTYPES = YES;
				CLANG_WARN_SUSPICIOUS_MOVE = YES;
				CLANG_WARN_UNGUARDED_AVAILABILITY = YES_AGGRESSIVE;
				CLANG_WARN_UNREACHABLE_CODE = YES;
				CLANG_WARN__DUPLICATE_METHOD_MATCH = YES;
				COPY_PHASE_STRIP = NO;
				DEBUG_INFORMATION_FORMAT = dwarf;
				ENABLE_STRICT_OBJC_MSGSEND = YES;
				ENABLE_TESTABILITY = YES;
				ENABLE_USER_SCRIPT_SANDBOXING = YES;
				GCC_C_LANGUAGE_STANDARD = gnu17;
				GCC_DYNAMIC_NO_PIC = NO;
				GCC_NO_COMMON_BLOCKS = YES;
				GCC_OPTIMIZATION_LEVEL = 0;
				GCC_PREPROCESSOR_DEFINITIONS = (
					"DEBUG=1",
					"$(inherited)",
				);
				GCC_WARN_64_TO_32_BIT_CONVERSION = YES;
				GCC_WARN_ABOUT_RETURN_TYPE = YES_ERROR;
				GCC_WARN_UNDECLARED_SELECTOR = YES;
				GCC_WARN_UNINITIALIZED_AUTOS = YES_AGGRESSIVE;
				GCC_WARN_UNUSED_FUNCTION = YES;
				GCC_WARN_UNUSED_VARIABLE = YES;
				IPHONEOS_DEPLOYMENT_TARGET = 17.2;
				LOCALIZATION_PREFERS_STRING_CATALOGS = YES;
				MTL_ENABLE_DEBUG_INFO = INCLUDE_SOURCE;
				MTL_FAST_MATH = YES;
				ONLY_ACTIVE_ARCH = YES;
				SDKROOT = iphoneos;
				SWIFT_ACTIVE_COMPILATION_CONDITIONS = "DEBUG $(inherited)";
				SWIFT_OPTIMIZATION_LEVEL = "-Onone";
			};
			name = Debug;
		};
		43CA7C142DC074AD008E7FD3 /* Release */ = {
			isa = XCBuildConfiguration;
			buildSettings = {
				ALWAYS_SEARCH_USER_PATHS = NO;
				ASSETCATALOG_COMPILER_GENERATE_SWIFT_ASSET_SYMBOL_EXTENSIONS = YES;
				CLANG_ANALYZER_NONNULL = YES;
				CLANG_ANALYZER_NUMBER_OBJECT_CONVERSION = YES_AGGRESSIVE;
				CLANG_CXX_LANGUAGE_STANDARD = "gnu++20";
				CLANG_ENABLE_MODULES = YES;
				CLANG_ENABLE_OBJC_ARC = YES;
				CLANG_ENABLE_OBJC_WEAK = YES;
				CLANG_WARN_BLOCK_CAPTURE_AUTORELEASING = YES;
				CLANG_WARN_BOOL_CONVERSION = YES;
				CLANG_WARN_COMMA = YES;
				CLANG_WARN_CONSTANT_CONVERSION = YES;
				CLANG_WARN_DEPRECATED_OBJC_IMPLEMENTATIONS = YES;
				CLANG_WARN_DIRECT_OBJC_ISA_USAGE = YES_ERROR;
				CLANG_WARN_DOCUMENTATION_COMMENTS = YES;
				CLANG_WARN_EMPTY_BODY = YES;
				CLANG_WARN_ENUM_CONVERSION = YES;
				CLANG_WARN_INFINITE_RECURSION = YES;
				CLANG_WARN_INT_CONVERSION = YES;
				CLANG_WARN_NON_LITERAL_NULL_CONVERSION = YES;
				CLANG_WARN_OBJC_IMPLICIT_RETAIN_SELF = YES;
				CLANG_WARN_OBJC_LITERAL_CONVERSION = YES;
				CLANG_WARN_OBJC_ROOT_CLASS = YES_ERROR;
				CLANG_WARN_QUOTED_INCLUDE_IN_FRAMEWORK_HEADER = YES;
				CLANG_WARN_RANGE_LOOP_ANALYSIS = YES;
				CLANG_WARN_STRICT_PROTOTYPES = YES;
				CLANG_WARN_SUSPICIOUS_MOVE = YES;
				CLANG_WARN_UNGUARDED_AVAILABILITY = YES_AGGRESSIVE;
				CLANG_WARN_UNREACHABLE_CODE = YES;
				CLANG_WARN__DUPLICATE_METHOD_MATCH = YES;
				COPY_PHASE_STRIP = NO;
				DEBUG_INFORMATION_FORMAT = "dwarf-with-dsym";
				ENABLE_NS_ASSERTIONS = NO;
				ENABLE_STRICT_OBJC_MSGSEND = YES;
				ENABLE_USER_SCRIPT_SANDBOXING = YES;
				GCC_C_LANGUAGE_STANDARD = gnu17;
				GCC_NO_COMMON_BLOCKS = YES;
				GCC_WARN_64_TO_32_BIT_CONVERSION = YES;
				GCC_WARN_ABOUT_RETURN_TYPE = YES_ERROR;
				GCC_WARN_UNDECLARED_SELECTOR = YES;
				GCC_WARN_UNINITIALIZED_AUTOS = YES_AGGRESSIVE;
				GCC_WARN_UNUSED_FUNCTION = YES;
				GCC_WARN_UNUSED_VARIABLE = YES;
				IPHONEOS_DEPLOYMENT_TARGET = 17.2;
				LOCALIZATION_PREFERS_STRING_CATALOGS = YES;
				MTL_ENABLE_DEBUG_INFO = NO;
				MTL_FAST_MATH = YES;
				SDKROOT = iphoneos;
				SWIFT_COMPILATION_MODE = wholemodule;
				VALIDATE_PRODUCT = YES;
			};
			name = Release;
		};
		43CA7C162DC074AD008E7FD3 /* Debug */ = {
			isa = XCBuildConfiguration;
			buildSettings = {
				ASSETCATALOG_COMPILER_APPICON_NAME = AppIcon;
				ASSETCATALOG_COMPILER_GLOBAL_ACCENT_COLOR_NAME = AccentColor;
				CODE_SIGN_STYLE = Automatic;
				CURRENT_PROJECT_VERSION = 1;
				DEVELOPMENT_ASSET_PATHS = "\"REInvestorCalculator/Preview Content\"";
				DEVELOPMENT_TEAM = LGQ68T3GLB;
				ENABLE_PREVIEWS = YES;
				GENERATE_INFOPLIST_FILE = YES;
				INFOPLIST_KEY_CFBundleDisplayName = "RE Investor Calculator";
				INFOPLIST_KEY_LSApplicationCategoryType = "public.app-category.finance";
				INFOPLIST_KEY_UIApplicationSceneManifest_Generation = YES;
				INFOPLIST_KEY_UIApplicationSupportsIndirectInputEvents = YES;
				INFOPLIST_KEY_UILaunchScreen_Generation = YES;
				INFOPLIST_KEY_UIRequiresFullScreen = YES;
				INFOPLIST_KEY_UIStatusBarHidden = YES;
				INFOPLIST_KEY_UISupportedInterfaceOrientations = "UIInterfaceOrientationPortrait UIInterfaceOrientationPortraitUpsideDown";
				LD_RUNPATH_SEARCH_PATHS = (
					"$(inherited)",
					"@executable_path/Frameworks",
				);
				MARKETING_VERSION = 1.0;
				PRODUCT_BUNDLE_IDENTIFIER = com.natespalding.REInvestorCalculator;
				PRODUCT_NAME = "$(TARGET_NAME)";
				SWIFT_EMIT_LOC_STRINGS = YES;
				SWIFT_VERSION = 5.0;
				TARGETED_DEVICE_FAMILY = "1,2";
			};
			name = Debug;
		};
		43CA7C172DC074AD008E7FD3 /* Release */ = {
			isa = XCBuildConfiguration;
			buildSettings = {
				ASSETCATALOG_COMPILER_APPICON_NAME = AppIcon;
				ASSETCATALOG_COMPILER_GLOBAL_ACCENT_COLOR_NAME = AccentColor;
				CODE_SIGN_STYLE = Automatic;
				CURRENT_PROJECT_VERSION = 1;
				DEVELOPMENT_ASSET_PATHS = "\"REInvestorCalculator/Preview Content\"";
				DEVELOPMENT_TEAM = LGQ68T3GLB;
				ENABLE_PREVIEWS = YES;
				GENERATE_INFOPLIST_FILE = YES;
				INFOPLIST_KEY_CFBundleDisplayName = "RE Investor Calculator";
				INFOPLIST_KEY_LSApplicationCategoryType = "public.app-category.finance";
				INFOPLIST_KEY_UIApplicationSceneManifest_Generation = YES;
				INFOPLIST_KEY_UIApplicationSupportsIndirectInputEvents = YES;
				INFOPLIST_KEY_UILaunchScreen_Generation = YES;
				INFOPLIST_KEY_UIRequiresFullScreen = YES;
				INFOPLIST_KEY_UIStatusBarHidden = YES;
				INFOPLIST_KEY_UISupportedInterfaceOrientations = "UIInterfaceOrientationPortrait UIInterfaceOrientationPortraitUpsideDown";
				LD_RUNPATH_SEARCH_PATHS = (
					"$(inherited)",
					"@executable_path/Frameworks",
				);
				MARKETING_VERSION = 1.0;
				PRODUCT_BUNDLE_IDENTIFIER = com.natespalding.REInvestorCalculator;
				PRODUCT_NAME = "$(TARGET_NAME)";
				SWIFT_EMIT_LOC_STRINGS = YES;
				SWIFT_VERSION = 5.0;
				TARGETED_DEVICE_FAMILY = "1,2";
			};
			name = Release;
		};
/* End XCBuildConfiguration section */

/* Begin XCConfigurationList section */
		43CA7C022DC074AA008E7FD3 /* Build configuration list for PBXProject "REInvestorCalculator" */ = {
			isa = XCConfigurationList;
			buildConfigurations = (
				43CA7C132DC074AD008E7FD3 /* Debug */,
				43CA7C142DC074AD008E7FD3 /* Release */,
			);
			defaultConfigurationIsVisible = 0;
			defaultConfigurationName = Release;
		};
		43CA7C152DC074AD008E7FD3 /* Build configuration list for PBXNativeTarget "REInvestorCalculator" */ = {
			isa = XCConfigurationList;
			buildConfigurations = (
				43CA7C162DC074AD008E7FD3 /* Debug */,
				43CA7C172DC074AD008E7FD3 /* Release */,
			);
			defaultConfigurationIsVisible = 0;
			defaultConfigurationName = Release;
		};
/* End XCConfigurationList section */
	};
	rootObject = 43CA7BFF2DC074AA008E7FD3 /* Project object */;
}
